// !$*UTF8*$!
{
	archiveVersion = 1;
	classes = {
	};
	objectVersion = 70;
	objects = {

/* Begin PBXBuildFile section */
		047237D46DDD4A348C6F694D /* Roboto_400Regular.ttf in Resources */ = {isa = PBXBuildFile; fileRef = 99EB817479E24E9093D8E9A3 /* Roboto_400Regular.ttf */; };
		09E3F5DA84ED0E7FBDFC2AB5 /* PrivacyInfo.xcprivacy in Resources */ = {isa = PBXBuildFile; fileRef = 13B07FB81A68108700A75B9A /* PrivacyInfo.xcprivacy */; };
		0B79F6EAD79044F093F187FD /* FontAwesome6_Regular.ttf in Resources */ = {isa = PBXBuildFile; fileRef = E555F5B791D641EAA548A7E0 /* FontAwesome6_Regular.ttf */; };
		0CF70C6BD71B4E27B3B8BCA7 /* Octicons.ttf in Resources */ = {isa = PBXBuildFile; fileRef = 38436C42DED74F85872518A9 /* Octicons.ttf */; };
		0D56BADD961E452DA178A546 /* Nunito-Medium.ttf in Resources */ = {isa = PBXBuildFile; fileRef = 11DFE43675934B71A1E1F618 /* Nunito-Medium.ttf */; };
		13B07FBF1A68108700A75B9A /* Images.xcassets in Resources */ = {isa = PBXBuildFile; fileRef = 13B07FB51A68108700A75B9A /* Images.xcassets */; };
		1E585CCB5BA84AC0913BA32C /* PlaywriteAUQLD_400Regular.ttf in Resources */ = {isa = PBXBuildFile; fileRef = 9E6FEBE2965649E2B165C7F2 /* PlaywriteAUQLD_400Regular.ttf */; };
		20A375BB2D8C4BDBBEA36EDA /* MaterialCommunityIcons.ttf in Resources */ = {isa = PBXBuildFile; fileRef = 7148E962A2DD47A780BBA182 /* MaterialCommunityIcons.ttf */; };
		24B3667B9073451AA037E83C /* Fontisto.ttf in Resources */ = {isa = PBXBuildFile; fileRef = 2CF4C25D9F2C4BB8B2DA6CDE /* Fontisto.ttf */; };
		2760A93FB81343BC9FE7276D /* PlaywritePL_400Regular.ttf in Resources */ = {isa = PBXBuildFile; fileRef = 95F326CCB7DC427AB01212A4 /* PlaywritePL_400Regular.ttf */; };
		289C7A472E7D46E5007AC3EE /* GoogleService-Info.plist in Resources */ = {isa = PBXBuildFile; fileRef = 289C7A462E7D46E5007AC3EE /* GoogleService-Info.plist */; };
		28EF14AA2FD1665C009D0A54 /* NotificationService.appex in Embed Foundation Extensions */ = {isa = PBXBuildFile; fileRef = 28EF14A32FD1665C009D0A54 /* NotificationService.appex */; settings = {ATTRIBUTES = (RemoveHeadersOnCopy, ); }; };
		2FAD66425895406899A3F0EC /* Nunito-ExtraBold.ttf in Resources */ = {isa = PBXBuildFile; fileRef = A831EB37D22F4033BEECAE01 /* Nunito-ExtraBold.ttf */; };
		322E9ED04533488791699A3A /* DancingScript_400Regular.ttf in Resources */ = {isa = PBXBuildFile; fileRef = 73CEDFBCC4CD4833A7212DCF /* DancingScript_400Regular.ttf */; };
		35F8BA1EEF604757A42F3CC4 /* Ionicons.ttf in Resources */ = {isa = PBXBuildFile; fileRef = 87E163DD9545418AB9D3DB59 /* Ionicons.ttf */; };
		395C1D247D524A64AA5A5422 /* PlaywriteHU_400Regular.ttf in Resources */ = {isa = PBXBuildFile; fileRef = A35008A49DBD47649A49A4A8 /* PlaywriteHU_400Regular.ttf */; };
		3FA443F63DEB41AFB3274A44 /* RobotoMono_400Regular.ttf in Resources */ = {isa = PBXBuildFile; fileRef = 5FBB8503849A448E8CBA587D /* RobotoMono_400Regular.ttf */; };
		3FEB15593E354E3DB91DB7E2 /* FontAwesome6_Brands.ttf in Resources */ = {isa = PBXBuildFile; fileRef = 03E108F2DF4C4A9A84C97F72 /* FontAwesome6_Brands.ttf */; };
		409F93AB2D4C421983581F0D /* Entypo.ttf in Resources */ = {isa = PBXBuildFile; fileRef = 5397B48CAA2F4BC7BF172F13 /* Entypo.ttf */; };
		47ED243340344AC69FF46F81 /* Foundation.ttf in Resources */ = {isa = PBXBuildFile; fileRef = A1908C1C90504179B4C73235 /* Foundation.ttf */; };
		485051DC145740A4AEA25DD6 /* FontAwesome.ttf in Resources */ = {isa = PBXBuildFile; fileRef = 0FDC5DAF210F4C54B2D543B7 /* FontAwesome.ttf */; };
		48725D4EEDA143ED84F5B4FF /* Roboto_400Regular.ttf in Resources */ = {isa = PBXBuildFile; fileRef = 99EB817479E24E9093D8E9A3 /* Roboto_400Regular.ttf */; };
		5CF68D222DF44BF8A7B2A0F3 /* Pacifico_400Regular.ttf in Resources */ = {isa = PBXBuildFile; fileRef = 7DC0EFD7713C4F3381462886 /* Pacifico_400Regular.ttf */; };
		66F54725EED644E88580F9DF /* EvilIcons.ttf in Resources */ = {isa = PBXBuildFile; fileRef = CEE93FC141F440128022C05C /* EvilIcons.ttf */; };
		695F9D44E7BD4D2CAB1F82B8 /* FontsFree-Net-Billabong.ttf in Resources */ = {isa = PBXBuildFile; fileRef = D32FFDB8A6B642C39A80A198 /* FontsFree-Net-Billabong.ttf */; };
		6AEFD3BF315C4EDBA070C58B /* FontAwesome5_Regular.ttf in Resources */ = {isa = PBXBuildFile; fileRef = E0E3D067AA3F443F9F60E16F /* FontAwesome5_Regular.ttf */; };
		726B0329E8C748C59919FF94 /* FontAwesome6_Solid.ttf in Resources */ = {isa = PBXBuildFile; fileRef = A03D47ADA6C549AE907AB25A /* FontAwesome6_Solid.ttf */; };
		761780ED2CA45674006654EE /* AppDelegate.swift in Sources */ = {isa = PBXBuildFile; fileRef = 761780EC2CA45674006654EE /* AppDelegate.swift */; };
		79707CB7C1A746298E4F4293 /* Nunito-SemiBold.ttf in Resources */ = {isa = PBXBuildFile; fileRef = A028A0006D764CBDADFEE00E /* Nunito-SemiBold.ttf */; };
		7A388A62E9574C5FA2ED346C /* Triodion_400Regular.ttf in Resources */ = {isa = PBXBuildFile; fileRef = D6340A814854443792353CA7 /* Triodion_400Regular.ttf */; };
		81AB9BB82411601600AC10FF /* LaunchScreen.storyboard in Resources */ = {isa = PBXBuildFile; fileRef = 81AB9BB72411601600AC10FF /* LaunchScreen.storyboard */; };
		8430F28ED70D4FDEBB2E1BFA /* Nunito-SemiBold.ttf in Resources */ = {isa = PBXBuildFile; fileRef = A028A0006D764CBDADFEE00E /* Nunito-SemiBold.ttf */; };
		8852546E727D4595942557DC /* Caveat_400Regular.ttf in Resources */ = {isa = PBXBuildFile; fileRef = 39A366BA58F54C77A9DDB818 /* Caveat_400Regular.ttf */; };
		955F5A994AF140659216F809 /* PlaywriteHU_400Regular.ttf in Resources */ = {isa = PBXBuildFile; fileRef = A35008A49DBD47649A49A4A8 /* PlaywriteHU_400Regular.ttf */; };
		99DFFE331E7345E8B4892893 /* AlfaSlabOne_400Regular.ttf in Resources */ = {isa = PBXBuildFile; fileRef = D536446A1D36498D851EF9AF /* AlfaSlabOne_400Regular.ttf */; };
		A00B62942AA3419EB3A28C24 /* Nunito-Medium.ttf in Resources */ = {isa = PBXBuildFile; fileRef = 11DFE43675934B71A1E1F618 /* Nunito-Medium.ttf */; };
		AB90D703946D42C385129259 /* PlaywritePL_400Regular.ttf in Resources */ = {isa = PBXBuildFile; fileRef = 95F326CCB7DC427AB01212A4 /* PlaywritePL_400Regular.ttf */; };
		AC14E4430828481498F336FA /* OpenSans_400Regular.ttf in Resources */ = {isa = PBXBuildFile; fileRef = 965D7A3679E7424CBC33150C /* OpenSans_400Regular.ttf */; };
		B19DB15029EF4FF1891212C1 /* RobotoMono_400Regular.ttf in Resources */ = {isa = PBXBuildFile; fileRef = 5FBB8503849A448E8CBA587D /* RobotoMono_400Regular.ttf */; };
		B1F2C758E6EA461D96BAA0F2 /* FontAwesome5_Brands.ttf in Resources */ = {isa = PBXBuildFile; fileRef = 4021A10AF0D54B0A9C710643 /* FontAwesome5_Brands.ttf */; };
		BCC08A586CC64ABBB88DA046 /* SimpleLineIcons.ttf in Resources */ = {isa = PBXBuildFile; fileRef = CF819D6E48384C77A1ED6065 /* SimpleLineIcons.ttf */; };
		BCFCDD48893F891E6DC01137 /* Pods_valens.framework in Frameworks */ = {isa = PBXBuildFile; fileRef = 3F71280C6276F6A06459C942 /* Pods_valens.framework */; };
		BD6609BC471E4484B88AD1B9 /* DancingScript_400Regular.ttf in Resources */ = {isa = PBXBuildFile; fileRef = 73CEDFBCC4CD4833A7212DCF /* DancingScript_400Regular.ttf */; };
		C2942523DF914544B5515DC2 /* MaterialIcons.ttf in Resources */ = {isa = PBXBuildFile; fileRef = 4B0CF0BBBB124F90AB5ED71C /* MaterialIcons.ttf */; };
		C395F667221A473381429A4B /* FontAwesome5_Solid.ttf in Resources */ = {isa = PBXBuildFile; fileRef = 582689FE91D747EE9757AE1A /* FontAwesome5_Solid.ttf */; };
		C6E24C8FC5E34860B6C3DF53 /* PlaywriteAUQLD_400Regular.ttf in Resources */ = {isa = PBXBuildFile; fileRef = 9E6FEBE2965649E2B165C7F2 /* PlaywriteAUQLD_400Regular.ttf */; };
		C7519733FC614E80B119A5E6 /* Nunito-ExtraBold.ttf in Resources */ = {isa = PBXBuildFile; fileRef = A831EB37D22F4033BEECAE01 /* Nunito-ExtraBold.ttf */; };
		D8FC601B9BC64086B2213EF9 /* AlfaSlabOne_400Regular.ttf in Resources */ = {isa = PBXBuildFile; fileRef = D536446A1D36498D851EF9AF /* AlfaSlabOne_400Regular.ttf */; };
		DE59683CF7104520B28288A4 /* FontsFree-Net-Billabong.ttf in Resources */ = {isa = PBXBuildFile; fileRef = D32FFDB8A6B642C39A80A198 /* FontsFree-Net-Billabong.ttf */; };
		DE94DE59FBE74685A04DB6B5 /* Feather.ttf in Resources */ = {isa = PBXBuildFile; fileRef = A88F8B4ACF7F486E9E974AB0 /* Feather.ttf */; };
		E225BE051C444BEAA0F6C96E /* OpenSans_400Regular.ttf in Resources */ = {isa = PBXBuildFile; fileRef = 965D7A3679E7424CBC33150C /* OpenSans_400Regular.ttf */; };
		EED2D82C7C504A2B8E093B6D /* Zocial.ttf in Resources */ = {isa = PBXBuildFile; fileRef = 5465A9F0A18A406D8DF893C7 /* Zocial.ttf */; };
		F0343C7915F44DEB934A67C0 /* AntDesign.ttf in Resources */ = {isa = PBXBuildFile; fileRef = EFB42F687DDB4324BFB76FAD /* AntDesign.ttf */; };
		F106E6A929C94806973961FC /* Pacifico_400Regular.ttf in Resources */ = {isa = PBXBuildFile; fileRef = 7DC0EFD7713C4F3381462886 /* Pacifico_400Regular.ttf */; };
		F46276D7A47B42F0AB853262 /* Caveat_400Regular.ttf in Resources */ = {isa = PBXBuildFile; fileRef = 39A366BA58F54C77A9DDB818 /* Caveat_400Regular.ttf */; };
		FF31699B8EA54A8D8796637A /* Triodion_400Regular.ttf in Resources */ = {isa = PBXBuildFile; fileRef = D6340A814854443792353CA7 /* Triodion_400Regular.ttf */; };
/* End PBXBuildFile section */

/* Begin PBXContainerItemProxy section */
		28EF14A82FD1665C009D0A54 /* PBXContainerItemProxy */ = {
			isa = PBXContainerItemProxy;
			containerPortal = 83CBB9F71A601CBA00E9B192 /* Project object */;
			proxyType = 1;
			remoteGlobalIDString = 28EF14A22FD1665C009D0A54;
			remoteInfo = NotificationService;
		};
/* End PBXContainerItemProxy section */

/* Begin PBXCopyFilesBuildPhase section */
		28EF14AB2FD1665C009D0A54 /* Embed Foundation Extensions */ = {
			isa = PBXCopyFilesBuildPhase;
			buildActionMask = 2147483647;
			dstPath = "";
			dstSubfolderSpec = 13;
			files = (
				28EF14AA2FD1665C009D0A54 /* NotificationService.appex in Embed Foundation Extensions */,
			);
			name = "Embed Foundation Extensions";
			runOnlyForDeploymentPostprocessing = 0;
		};
/* End PBXCopyFilesBuildPhase section */

/* Begin PBXFileReference section */
		03E108F2DF4C4A9A84C97F72 /* FontAwesome6_Brands.ttf */ = {isa = PBXFileReference; explicitFileType = undefined; fileEncoding = 9; includeInIndex = 0; lastKnownFileType = unknown; name = FontAwesome6_Brands.ttf; path = "../node_modules/react-native-vector-icons/Fonts/FontAwesome6_Brands.ttf"; sourceTree = "<group>"; };
		0FDC5DAF210F4C54B2D543B7 /* FontAwesome.ttf */ = {isa = PBXFileReference; explicitFileType = undefined; fileEncoding = 9; includeInIndex = 0; lastKnownFileType = unknown; name = FontAwesome.ttf; path = "../node_modules/react-native-vector-icons/Fonts/FontAwesome.ttf"; sourceTree = "<group>"; };
		11DFE43675934B71A1E1F618 /* Nunito-Medium.ttf */ = {isa = PBXFileReference; explicitFileType = undefined; fileEncoding = 9; includeInIndex = 0; lastKnownFileType = unknown; name = "Nunito-Medium.ttf"; path = "../src/assets/fonts/Nunito-Medium.ttf"; sourceTree = "<group>"; };
		13B07F961A680F5B00A75B9A /* valens.app */ = {isa = PBXFileReference; explicitFileType = wrapper.application; includeInIndex = 0; path = valens.app; sourceTree = BUILT_PRODUCTS_DIR; };
		13B07FB51A68108700A75B9A /* Images.xcassets */ = {isa = PBXFileReference; lastKnownFileType = folder.assetcatalog; name = Images.xcassets; path = valens/Images.xcassets; sourceTree = "<group>"; };
		13B07FB61A68108700A75B9A /* Info.plist */ = {isa = PBXFileReference; fileEncoding = 4; lastKnownFileType = text.plist.xml; name = Info.plist; path = valens/Info.plist; sourceTree = "<group>"; };
		13B07FB81A68108700A75B9A /* PrivacyInfo.xcprivacy */ = {isa = PBXFileReference; fileEncoding = 4; lastKnownFileType = text.plist.xml; name = PrivacyInfo.xcprivacy; path = valens/PrivacyInfo.xcprivacy; sourceTree = "<group>"; };
		2831010F2E9D119D00879566 /* valens.entitlements */ = {isa = PBXFileReference; lastKnownFileType = text.plist.entitlements; name = valens.entitlements; path = valens/valens.entitlements; sourceTree = "<group>"; };
		289C7A462E7D46E5007AC3EE /* GoogleService-Info.plist */ = {isa = PBXFileReference; lastKnownFileType = text.plist.xml; path = "GoogleService-Info.plist"; sourceTree = "<group>"; };
		28EF14A32FD1665C009D0A54 /* NotificationService.appex */ = {isa = PBXFileReference; explicitFileType = "wrapper.app-extension"; includeInIndex = 0; path = NotificationService.appex; sourceTree = BUILT_PRODUCTS_DIR; };
		2C6967795893AE11F92F9AE1 /* Pods-valens.release.xcconfig */ = {isa = PBXFileReference; includeInIndex = 1; lastKnownFileType = text.xcconfig; name = "Pods-valens.release.xcconfig"; path = "Target Support Files/Pods-valens/Pods-valens.release.xcconfig"; sourceTree = "<group>"; };
		2CF4C25D9F2C4BB8B2DA6CDE /* Fontisto.ttf */ = {isa = PBXFileReference; explicitFileType = undefined; fileEncoding = 9; includeInIndex = 0; lastKnownFileType = unknown; name = Fontisto.ttf; path = "../node_modules/react-native-vector-icons/Fonts/Fontisto.ttf"; sourceTree = "<group>"; };
		38436C42DED74F85872518A9 /* Octicons.ttf */ = {isa = PBXFileReference; explicitFileType = undefined; fileEncoding = 9; includeInIndex = 0; lastKnownFileType = unknown; name = Octicons.ttf; path = "../node_modules/react-native-vector-icons/Fonts/Octicons.ttf"; sourceTree = "<group>"; };
		39A366BA58F54C77A9DDB818 /* Caveat_400Regular.ttf */ = {isa = PBXFileReference; explicitFileType = undefined; fileEncoding = 9; includeInIndex = 0; lastKnownFileType = unknown; name = Caveat_400Regular.ttf; path = ../src/assets/fonts/Caveat_400Regular.ttf; sourceTree = "<group>"; };
		3F71280C6276F6A06459C942 /* Pods_valens.framework */ = {isa = PBXFileReference; explicitFileType = wrapper.framework; includeInIndex = 0; path = Pods_valens.framework; sourceTree = BUILT_PRODUCTS_DIR; };
		4021A10AF0D54B0A9C710643 /* FontAwesome5_Brands.ttf */ = {isa = PBXFileReference; explicitFileType = undefined; fileEncoding = 9; includeInIndex = 0; lastKnownFileType = unknown; name = FontAwesome5_Brands.ttf; path = "../node_modules/react-native-vector-icons/Fonts/FontAwesome5_Brands.ttf"; sourceTree = "<group>"; };
		4B0CF0BBBB124F90AB5ED71C /* MaterialIcons.ttf */ = {isa = PBXFileReference; explicitFileType = undefined; fileEncoding = 9; includeInIndex = 0; lastKnownFileType = unknown; name = MaterialIcons.ttf; path = "../node_modules/react-native-vector-icons/Fonts/MaterialIcons.ttf"; sourceTree = "<group>"; };
		5397B48CAA2F4BC7BF172F13 /* Entypo.ttf */ = {isa = PBXFileReference; explicitFileType = undefined; fileEncoding = 9; includeInIndex = 0; lastKnownFileType = unknown; name = Entypo.ttf; path = "../node_modules/react-native-vector-icons/Fonts/Entypo.ttf"; sourceTree = "<group>"; };
		5465A9F0A18A406D8DF893C7 /* Zocial.ttf */ = {isa = PBXFileReference; explicitFileType = undefined; fileEncoding = 9; includeInIndex = 0; lastKnownFileType = unknown; name = Zocial.ttf; path = "../node_modules/react-native-vector-icons/Fonts/Zocial.ttf"; sourceTree = "<group>"; };
		582689FE91D747EE9757AE1A /* FontAwesome5_Solid.ttf */ = {isa = PBXFileReference; explicitFileType = undefined; fileEncoding = 9; includeInIndex = 0; lastKnownFileType = unknown; name = FontAwesome5_Solid.ttf; path = "../node_modules/react-native-vector-icons/Fonts/FontAwesome5_Solid.ttf"; sourceTree = "<group>"; };
		5FBB8503849A448E8CBA587D /* RobotoMono_400Regular.ttf */ = {isa = PBXFileReference; explicitFileType = undefined; fileEncoding = 9; includeInIndex = 0; lastKnownFileType = unknown; name = RobotoMono_400Regular.ttf; path = ../src/assets/fonts/RobotoMono_400Regular.ttf; sourceTree = "<group>"; };
		7148E962A2DD47A780BBA182 /* MaterialCommunityIcons.ttf */ = {isa = PBXFileReference; explicitFileType = undefined; fileEncoding = 9; includeInIndex = 0; lastKnownFileType = unknown; name = MaterialCommunityIcons.ttf; path = "../node_modules/react-native-vector-icons/Fonts/MaterialCommunityIcons.ttf"; sourceTree = "<group>"; };
		73CEDFBCC4CD4833A7212DCF /* DancingScript_400Regular.ttf */ = {isa = PBXFileReference; explicitFileType = undefined; fileEncoding = 9; includeInIndex = 0; lastKnownFileType = unknown; name = DancingScript_400Regular.ttf; path = ../src/assets/fonts/DancingScript_400Regular.ttf; sourceTree = "<group>"; };
		761780EC2CA45674006654EE /* AppDelegate.swift */ = {isa = PBXFileReference; lastKnownFileType = sourcecode.swift; name = AppDelegate.swift; path = valens/AppDelegate.swift; sourceTree = "<group>"; };
		7DC0EFD7713C4F3381462886 /* Pacifico_400Regular.ttf */ = {isa = PBXFileReference; explicitFileType = undefined; fileEncoding = 9; includeInIndex = 0; lastKnownFileType = unknown; name = Pacifico_400Regular.ttf; path = ../src/assets/fonts/Pacifico_400Regular.ttf; sourceTree = "<group>"; };
		81AB9BB72411601600AC10FF /* LaunchScreen.storyboard */ = {isa = PBXFileReference; fileEncoding = 4; lastKnownFileType = file.storyboard; name = LaunchScreen.storyboard; path = valens/LaunchScreen.storyboard; sourceTree = "<group>"; };
		87E163DD9545418AB9D3DB59 /* Ionicons.ttf */ = {isa = PBXFileReference; explicitFileType = undefined; fileEncoding = 9; includeInIndex = 0; lastKnownFileType = unknown; name = Ionicons.ttf; path = "../node_modules/react-native-vector-icons/Fonts/Ionicons.ttf"; sourceTree = "<group>"; };
		95BA9DC4EF57858B5119A867 /* Pods-valens.debug.xcconfig */ = {isa = PBXFileReference; includeInIndex = 1; lastKnownFileType = text.xcconfig; name = "Pods-valens.debug.xcconfig"; path = "Target Support Files/Pods-valens/Pods-valens.debug.xcconfig"; sourceTree = "<group>"; };
		95F326CCB7DC427AB01212A4 /* PlaywritePL_400Regular.ttf */ = {isa = PBXFileReference; explicitFileType = undefined; fileEncoding = 9; includeInIndex = 0; lastKnownFileType = unknown; name = PlaywritePL_400Regular.ttf; path = ../src/assets/fonts/PlaywritePL_400Regular.ttf; sourceTree = "<group>"; };
		965D7A3679E7424CBC33150C /* OpenSans_400Regular.ttf */ = {isa = PBXFileReference; explicitFileType = undefined; fileEncoding = 9; includeInIndex = 0; lastKnownFileType = unknown; name = OpenSans_400Regular.ttf; path = ../src/assets/fonts/OpenSans_400Regular.ttf; sourceTree = "<group>"; };
		99EB817479E24E9093D8E9A3 /* Roboto_400Regular.ttf */ = {isa = PBXFileReference; explicitFileType = undefined; fileEncoding = 9; includeInIndex = 0; lastKnownFileType = unknown; name = Roboto_400Regular.ttf; path = ../src/assets/fonts/Roboto_400Regular.ttf; sourceTree = "<group>"; };
		9E6FEBE2965649E2B165C7F2 /* PlaywriteAUQLD_400Regular.ttf */ = {isa = PBXFileReference; explicitFileType = undefined; fileEncoding = 9; includeInIndex = 0; lastKnownFileType = unknown; name = PlaywriteAUQLD_400Regular.ttf; path = ../src/assets/fonts/PlaywriteAUQLD_400Regular.ttf; sourceTree = "<group>"; };
		A028A0006D764CBDADFEE00E /* Nunito-SemiBold.ttf */ = {isa = PBXFileReference; explicitFileType = undefined; fileEncoding = 9; includeInIndex = 0; lastKnownFileType = unknown; name = "Nunito-SemiBold.ttf"; path = "../src/assets/fonts/Nunito-SemiBold.ttf"; sourceTree = "<group>"; };
		A03D47ADA6C549AE907AB25A /* FontAwesome6_Solid.ttf */ = {isa = PBXFileReference; explicitFileType = undefined; fileEncoding = 9; includeInIndex = 0; lastKnownFileType = unknown; name = FontAwesome6_Solid.ttf; path = "../node_modules/react-native-vector-icons/Fonts/FontAwesome6_Solid.ttf"; sourceTree = "<group>"; };
		A1908C1C90504179B4C73235 /* Foundation.ttf */ = {isa = PBXFileReference; explicitFileType = undefined; fileEncoding = 9; includeInIndex = 0; lastKnownFileType = unknown; name = Foundation.ttf; path = "../node_modules/react-native-vector-icons/Fonts/Foundation.ttf"; sourceTree = "<group>"; };
		A35008A49DBD47649A49A4A8 /* PlaywriteHU_400Regular.ttf */ = {isa = PBXFileReference; explicitFileType = undefined; fileEncoding = 9; includeInIndex = 0; lastKnownFileType = unknown; name = PlaywriteHU_400Regular.ttf; path = ../src/assets/fonts/PlaywriteHU_400Regular.ttf; sourceTree = "<group>"; };
		A831EB37D22F4033BEECAE01 /* Nunito-ExtraBold.ttf */ = {isa = PBXFileReference; explicitFileType = undefined; fileEncoding = 9; includeInIndex = 0; lastKnownFileType = unknown; name = "Nunito-ExtraBold.ttf"; path = "../src/assets/fonts/Nunito-ExtraBold.ttf"; sourceTree = "<group>"; };
		A88F8B4ACF7F486E9E974AB0 /* Feather.ttf */ = {isa = PBXFileReference; explicitFileType = undefined; fileEncoding = 9; includeInIndex = 0; lastKnownFileType = unknown; name = Feather.ttf; path = "../node_modules/react-native-vector-icons/Fonts/Feather.ttf"; sourceTree = "<group>"; };
		CEE93FC141F440128022C05C /* EvilIcons.ttf */ = {isa = PBXFileReference; explicitFileType = undefined; fileEncoding = 9; includeInIndex = 0; lastKnownFileType = unknown; name = EvilIcons.ttf; path = "../node_modules/react-native-vector-icons/Fonts/EvilIcons.ttf"; sourceTree = "<group>"; };
		CF819D6E48384C77A1ED6065 /* SimpleLineIcons.ttf */ = {isa = PBXFileReference; explicitFileType = undefined; fileEncoding = 9; includeInIndex = 0; lastKnownFileType = unknown; name = SimpleLineIcons.ttf; path = "../node_modules/react-native-vector-icons/Fonts/SimpleLineIcons.ttf"; sourceTree = "<group>"; };
		D32FFDB8A6B642C39A80A198 /* FontsFree-Net-Billabong.ttf */ = {isa = PBXFileReference; explicitFileType = undefined; fileEncoding = 9; includeInIndex = 0; lastKnownFileType = unknown; name = "FontsFree-Net-Billabong.ttf"; path = "../src/assets/fonts/FontsFree-Net-Billabong.ttf"; sourceTree = "<group>"; };
		D536446A1D36498D851EF9AF /* AlfaSlabOne_400Regular.ttf */ = {isa = PBXFileReference; explicitFileType = undefined; fileEncoding = 9; includeInIndex = 0; lastKnownFileType = unknown; name = AlfaSlabOne_400Regular.ttf; path = ../src/assets/fonts/AlfaSlabOne_400Regular.ttf; sourceTree = "<group>"; };
		D6340A814854443792353CA7 /* Triodion_400Regular.ttf */ = {isa = PBXFileReference; explicitFileType = undefined; fileEncoding = 9; includeInIndex = 0; lastKnownFileType = unknown; name = Triodion_400Regular.ttf; path = ../src/assets/fonts/Triodion_400Regular.ttf; sourceTree = "<group>"; };
		E0E3D067AA3F443F9F60E16F /* FontAwesome5_Regular.ttf */ = {isa = PBXFileReference; explicitFileType = undefined; fileEncoding = 9; includeInIndex = 0; lastKnownFileType = unknown; name = FontAwesome5_Regular.ttf; path = "../node_modules/react-native-vector-icons/Fonts/FontAwesome5_Regular.ttf"; sourceTree = "<group>"; };
		E555F5B791D641EAA548A7E0 /* FontAwesome6_Regular.ttf */ = {isa = PBXFileReference; explicitFileType = undefined; fileEncoding = 9; includeInIndex = 0; lastKnownFileType = unknown; name = FontAwesome6_Regular.ttf; path = "../node_modules/react-native-vector-icons/Fonts/FontAwesome6_Regular.ttf"; sourceTree = "<group>"; };
		ED297162215061F000B7C4FE /* JavaScriptCore.framework */ = {isa = PBXFileReference; lastKnownFileType = wrapper.framework; name = JavaScriptCore.framework; path = System/Library/Frameworks/JavaScriptCore.framework; sourceTree = SDKROOT; };
		EFB42F687DDB4324BFB76FAD /* AntDesign.ttf */ = {isa = PBXFileReference; explicitFileType = undefined; fileEncoding = 9; includeInIndex = 0; lastKnownFileType = unknown; name = AntDesign.ttf; path = "../node_modules/react-native-vector-icons/Fonts/AntDesign.ttf"; sourceTree = "<group>"; };
/* End PBXFileReference section */

/* Begin PBXFileSystemSynchronizedBuildFileExceptionSet section */
		28EF14AE2FD1665C009D0A54 /* PBXFileSystemSynchronizedBuildFileExceptionSet */ = {
			isa = PBXFileSystemSynchronizedBuildFileExceptionSet;
			membershipExceptions = (
				Info.plist,
			);
			target = 28EF14A22FD1665C009D0A54 /* NotificationService */;
		};
/* End PBXFileSystemSynchronizedBuildFileExceptionSet section */

/* Begin PBXFileSystemSynchronizedRootGroup section */
		28EF14A42FD1665C009D0A54 /* NotificationService */ = {isa = PBXFileSystemSynchronizedRootGroup; exceptions = (28EF14AE2FD1665C009D0A54 /* PBXFileSystemSynchronizedBuildFileExceptionSet */, ); explicitFileTypes = {}; explicitFolders = (); path = NotificationService; sourceTree = "<group>"; };
/* End PBXFileSystemSynchronizedRootGroup section */

/* Begin PBXFrameworksBuildPhase section */
		13B07F8C1A680F5B00A75B9A /* Frameworks */ = {
			isa = PBXFrameworksBuildPhase;
			buildActionMask = 2147483647;
			files = (
				BCFCDD48893F891E6DC01137 /* Pods_valens.framework in Frameworks */,
			);
			runOnlyForDeploymentPostprocessing = 0;
		};
		28EF14A02FD1665C009D0A54 /* Frameworks */ = {
			isa = PBXFrameworksBuildPhase;
			buildActionMask = 2147483647;
			files = (
			);
			runOnlyForDeploymentPostprocessing = 0;
		};
/* End PBXFrameworksBuildPhase section */

/* Begin PBXGroup section */
		13B07FAE1A68108700A75B9A /* valens */ = {
			isa = PBXGroup;
			children = (
				2831010F2E9D119D00879566 /* valens.entitlements */,
				13B07FB51A68108700A75B9A /* Images.xcassets */,
				761780EC2CA45674006654EE /* AppDelegate.swift */,
				13B07FB61A68108700A75B9A /* Info.plist */,
				81AB9BB72411601600AC10FF /* LaunchScreen.storyboard */,
				13B07FB81A68108700A75B9A /* PrivacyInfo.xcprivacy */,
			);
			name = valens;
			sourceTree = "<group>";
		};
		1C6661543F45488FB0F1D1FC /* Resources */ = {
			isa = PBXGroup;
			children = (
				EFB42F687DDB4324BFB76FAD /* AntDesign.ttf */,
				D536446A1D36498D851EF9AF /* AlfaSlabOne_400Regular.ttf */,
				5397B48CAA2F4BC7BF172F13 /* Entypo.ttf */,
				39A366BA58F54C77A9DDB818 /* Caveat_400Regular.ttf */,
				CEE93FC141F440128022C05C /* EvilIcons.ttf */,
				73CEDFBCC4CD4833A7212DCF /* DancingScript_400Regular.ttf */,
				D32FFDB8A6B642C39A80A198 /* FontsFree-Net-Billabong.ttf */,
				A88F8B4ACF7F486E9E974AB0 /* Feather.ttf */,
				A831EB37D22F4033BEECAE01 /* Nunito-ExtraBold.ttf */,
				0FDC5DAF210F4C54B2D543B7 /* FontAwesome.ttf */,
				11DFE43675934B71A1E1F618 /* Nunito-Medium.ttf */,
				4021A10AF0D54B0A9C710643 /* FontAwesome5_Brands.ttf */,
				A028A0006D764CBDADFEE00E /* Nunito-SemiBold.ttf */,
				E0E3D067AA3F443F9F60E16F /* FontAwesome5_Regular.ttf */,
				965D7A3679E7424CBC33150C /* OpenSans_400Regular.ttf */,
				582689FE91D747EE9757AE1A /* FontAwesome5_Solid.ttf */,
				7DC0EFD7713C4F3381462886 /* Pacifico_400Regular.ttf */,
				9E6FEBE2965649E2B165C7F2 /* PlaywriteAUQLD_400Regular.ttf */,
				03E108F2DF4C4A9A84C97F72 /* FontAwesome6_Brands.ttf */,
				A35008A49DBD47649A49A4A8 /* PlaywriteHU_400Regular.ttf */,
				E555F5B791D641EAA548A7E0 /* FontAwesome6_Regular.ttf */,
				95F326CCB7DC427AB01212A4 /* PlaywritePL_400Regular.ttf */,
				5FBB8503849A448E8CBA587D /* RobotoMono_400Regular.ttf */,
				A03D47ADA6C549AE907AB25A /* FontAwesome6_Solid.ttf */,
				99EB817479E24E9093D8E9A3 /* Roboto_400Regular.ttf */,
				2CF4C25D9F2C4BB8B2DA6CDE /* Fontisto.ttf */,
				D6340A814854443792353CA7 /* Triodion_400Regular.ttf */,
				A1908C1C90504179B4C73235 /* Foundation.ttf */,
				87E163DD9545418AB9D3DB59 /* Ionicons.ttf */,
				7148E962A2DD47A780BBA182 /* MaterialCommunityIcons.ttf */,
				4B0CF0BBBB124F90AB5ED71C /* MaterialIcons.ttf */,
				38436C42DED74F85872518A9 /* Octicons.ttf */,
				CF819D6E48384C77A1ED6065 /* SimpleLineIcons.ttf */,
				5465A9F0A18A406D8DF893C7 /* Zocial.ttf */,
			);
			name = Resources;
			sourceTree = "<group>";
		};
		2D16E6871FA4F8E400B85C8A /* Frameworks */ = {
			isa = PBXGroup;
			children = (
				ED297162215061F000B7C4FE /* JavaScriptCore.framework */,
				3F71280C6276F6A06459C942 /* Pods_valens.framework */,
			);
			name = Frameworks;
			sourceTree = "<group>";
		};
		832341AE1AAA6A7D00B99B32 /* Libraries */ = {
			isa = PBXGroup;
			children = (
			);
			name = Libraries;
			sourceTree = "<group>";
		};
		83CBB9F61A601CBA00E9B192 = {
			isa = PBXGroup;
			children = (
				289C7A462E7D46E5007AC3EE /* GoogleService-Info.plist */,
				13B07FAE1A68108700A75B9A /* valens */,
				832341AE1AAA6A7D00B99B32 /* Libraries */,
				28EF14A42FD1665C009D0A54 /* NotificationService */,
				83CBBA001A601CBA00E9B192 /* Products */,
				2D16E6871FA4F8E400B85C8A /* Frameworks */,
				BBD78D7AC51CEA395F1C20DB /* Pods */,
				1C6661543F45488FB0F1D1FC /* Resources */,
			);
			indentWidth = 2;
			sourceTree = "<group>";
			tabWidth = 2;
			usesTabs = 0;
		};
		83CBBA001A601CBA00E9B192 /* Products */ = {
			isa = PBXGroup;
			children = (
				13B07F961A680F5B00A75B9A /* valens.app */,
				28EF14A32FD1665C009D0A54 /* NotificationService.appex */,
			);
			name = Products;
			sourceTree = "<group>";
		};
		BBD78D7AC51CEA395F1C20DB /* Pods */ = {
			isa = PBXGroup;
			children = (
				95BA9DC4EF57858B5119A867 /* Pods-valens.debug.xcconfig */,
				2C6967795893AE11F92F9AE1 /* Pods-valens.release.xcconfig */,
			);
			path = Pods;
			sourceTree = "<group>";
		};
/* End PBXGroup section */

/* Begin PBXNativeTarget section */
		13B07F861A680F5B00A75B9A /* valens */ = {
			isa = PBXNativeTarget;
			buildConfigurationList = 13B07F931A680F5B00A75B9A /* Build configuration list for PBXNativeTarget "valens" */;
			buildPhases = (
				B2A6BCF84505D7F130C200D6 /* [CP] Check Pods Manifest.lock */,
				13B07F871A680F5B00A75B9A /* Sources */,
				13B07F8C1A680F5B00A75B9A /* Frameworks */,
				13B07F8E1A680F5B00A75B9A /* Resources */,
				00DD1BFF1BD5951E006B06BC /* Bundle React Native code and images */,
				28EF14AB2FD1665C009D0A54 /* Embed Foundation Extensions */,
				DECEA9D9FE0812D0B6D8E74B /* [CP] Embed Pods Frameworks */,
				C582819CDC044EE20ABFFF3E /* [CP] Copy Pods Resources */,
				AF2EC9579A6487A87715D620 /* [CP-User] [RNFB] Core Configuration */,
			);
			buildRules = (
			);
			dependencies = (
				28EF14A92FD1665C009D0A54 /* PBXTargetDependency */,
			);
			name = valens;
			productName = valens;
			productReference = 13B07F961A680F5B00A75B9A /* valens.app */;
			productType = "com.apple.product-type.application";
		};
		28EF14A22FD1665C009D0A54 /* NotificationService */ = {
			isa = PBXNativeTarget;
			buildConfigurationList = 28EF14AF2FD1665C009D0A54 /* Build configuration list for PBXNativeTarget "NotificationService" */;
			buildPhases = (
				28EF149F2FD1665C009D0A54 /* Sources */,
				28EF14A02FD1665C009D0A54 /* Frameworks */,
				28EF14A12FD1665C009D0A54 /* Resources */,
			);
			buildRules = (
			);
			dependencies = (
			);
			fileSystemSynchronizedGroups = (
				28EF14A42FD1665C009D0A54 /* NotificationService */,
			);
			name = NotificationService;
			productName = NotificationService;
			productReference = 28EF14A32FD1665C009D0A54 /* NotificationService.appex */;
			productType = "com.apple.product-type.app-extension";
		};
/* End PBXNativeTarget section */

/* Begin PBXProject section */
		83CBB9F71A601CBA00E9B192 /* Project object */ = {
			isa = PBXProject;
			attributes = {
				LastSwiftUpdateCheck = 2640;
				LastUpgradeCheck = 1210;
				TargetAttributes = {
					13B07F861A680F5B00A75B9A = {
						LastSwiftMigration = 1120;
					};
					28EF14A22FD1665C009D0A54 = {
						CreatedOnToolsVersion = 26.4.1;
					};
				};
			};
			buildConfigurationList = 83CBB9FA1A601CBA00E9B192 /* Build configuration list for PBXProject "valens" */;
			compatibilityVersion = "Xcode 12.0";
			developmentRegion = en;
			hasScannedForEncodings = 0;
			knownRegions = (
				en,
				Base,
			);
			mainGroup = 83CBB9F61A601CBA00E9B192;
			productRefGroup = 83CBBA001A601CBA00E9B192 /* Products */;
			projectDirPath = "";
			projectRoot = "";
			targets = (
				13B07F861A680F5B00A75B9A /* valens */,
				28EF14A22FD1665C009D0A54 /* NotificationService */,
			);
		};
/* End PBXProject section */

/* Begin PBXResourcesBuildPhase section */
		13B07F8E1A680F5B00A75B9A /* Resources */ = {
			isa = PBXResourcesBuildPhase;
			buildActionMask = 2147483647;
			files = (
				81AB9BB82411601600AC10FF /* LaunchScreen.storyboard in Resources */,
				289C7A472E7D46E5007AC3EE /* GoogleService-Info.plist in Resources */,
				13B07FBF1A68108700A75B9A /* Images.xcassets in Resources */,
				09E3F5DA84ED0E7FBDFC2AB5 /* PrivacyInfo.xcprivacy in Resources */,
				99DFFE331E7345E8B4892893 /* AlfaSlabOne_400Regular.ttf in Resources */,
				F46276D7A47B42F0AB853262 /* Caveat_400Regular.ttf in Resources */,
				BD6609BC471E4484B88AD1B9 /* DancingScript_400Regular.ttf in Resources */,
				695F9D44E7BD4D2CAB1F82B8 /* FontsFree-Net-Billabong.ttf in Resources */,
				C7519733FC614E80B119A5E6 /* Nunito-ExtraBold.ttf in Resources */,
				A00B62942AA3419EB3A28C24 /* Nunito-Medium.ttf in Resources */,
				8430F28ED70D4FDEBB2E1BFA /* Nunito-SemiBold.ttf in Resources */,
				AC14E4430828481498F336FA /* OpenSans_400Regular.ttf in Resources */,
				F106E6A929C94806973961FC /* Pacifico_400Regular.ttf in Resources */,
				1E585CCB5BA84AC0913BA32C /* PlaywriteAUQLD_400Regular.ttf in Resources */,
				395C1D247D524A64AA5A5422 /* PlaywriteHU_400Regular.ttf in Resources */,
				2760A93FB81343BC9FE7276D /* PlaywritePL_400Regular.ttf in Resources */,
				B19DB15029EF4FF1891212C1 /* RobotoMono_400Regular.ttf in Resources */,
				48725D4EEDA143ED84F5B4FF /* Roboto_400Regular.ttf in Resources */,
				7A388A62E9574C5FA2ED346C /* Triodion_400Regular.ttf in Resources */,
			);
			runOnlyForDeploymentPostprocessing = 0;
		};
		28EF14A12FD1665C009D0A54 /* Resources */ = {
			isa = PBXResourcesBuildPhase;
			buildActionMask = 2147483647;
			files = (
				F0343C7915F44DEB934A67C0 /* AntDesign.ttf in Resources */,
				D8FC601B9BC64086B2213EF9 /* AlfaSlabOne_400Regular.ttf in Resources */,
				409F93AB2D4C421983581F0D /* Entypo.ttf in Resources */,
				8852546E727D4595942557DC /* Caveat_400Regular.ttf in Resources */,
				66F54725EED644E88580F9DF /* EvilIcons.ttf in Resources */,
				322E9ED04533488791699A3A /* DancingScript_400Regular.ttf in Resources */,
				DE59683CF7104520B28288A4 /* FontsFree-Net-Billabong.ttf in Resources */,
				DE94DE59FBE74685A04DB6B5 /* Feather.ttf in Resources */,
				2FAD66425895406899A3F0EC /* Nunito-ExtraBold.ttf in Resources */,
				485051DC145740A4AEA25DD6 /* FontAwesome.ttf in Resources */,
				0D56BADD961E452DA178A546 /* Nunito-Medium.ttf in Resources */,
				B1F2C758E6EA461D96BAA0F2 /* FontAwesome5_Brands.ttf in Resources */,
				79707CB7C1A746298E4F4293 /* Nunito-SemiBold.ttf in Resources */,
				6AEFD3BF315C4EDBA070C58B /* FontAwesome5_Regular.ttf in Resources */,
				E225BE051C444BEAA0F6C96E /* OpenSans_400Regular.ttf in Resources */,
				C395F667221A473381429A4B /* FontAwesome5_Solid.ttf in Resources */,
				5CF68D222DF44BF8A7B2A0F3 /* Pacifico_400Regular.ttf in Resources */,
				C6E24C8FC5E34860B6C3DF53 /* PlaywriteAUQLD_400Regular.ttf in Resources */,
				3FEB15593E354E3DB91DB7E2 /* FontAwesome6_Brands.ttf in Resources */,
				955F5A994AF140659216F809 /* PlaywriteHU_400Regular.ttf in Resources */,
				0B79F6EAD79044F093F187FD /* FontAwesome6_Regular.ttf in Resources */,
				AB90D703946D42C385129259 /* PlaywritePL_400Regular.ttf in Resources */,
				3FA443F63DEB41AFB3274A44 /* RobotoMono_400Regular.ttf in Resources */,
				726B0329E8C748C59919FF94 /* FontAwesome6_Solid.ttf in Resources */,
				047237D46DDD4A348C6F694D /* Roboto_400Regular.ttf in Resources */,
				24B3667B9073451AA037E83C /* Fontisto.ttf in Resources */,
				FF31699B8EA54A8D8796637A /* Triodion_400Regular.ttf in Resources */,
				47ED243340344AC69FF46F81 /* Foundation.ttf in Resources */,
				35F8BA1EEF604757A42F3CC4 /* Ionicons.ttf in Resources */,
				20A375BB2D8C4BDBBEA36EDA /* MaterialCommunityIcons.ttf in Resources */,
				C2942523DF914544B5515DC2 /* MaterialIcons.ttf in Resources */,
				0CF70C6BD71B4E27B3B8BCA7 /* Octicons.ttf in Resources */,
				BCC08A586CC64ABBB88DA046 /* SimpleLineIcons.ttf in Resources */,
				EED2D82C7C504A2B8E093B6D /* Zocial.ttf in Resources */,
			);
			runOnlyForDeploymentPostprocessing = 0;
		};
/* End PBXResourcesBuildPhase section */

/* Begin PBXShellScriptBuildPhase section */
		00DD1BFF1BD5951E006B06BC /* Bundle React Native code and images */ = {
			isa = PBXShellScriptBuildPhase;
			buildActionMask = 2147483647;
			files = (
			);
			inputPaths = (
				"$(SRCROOT)/.xcode.env.local",
				"$(SRCROOT)/.xcode.env",
			);
			name = "Bundle React Native code and images";
			outputPaths = (
			);
			runOnlyForDeploymentPostprocessing = 0;
			shellPath = /bin/sh;
			shellScript = "set -e\n\nWITH_ENVIRONMENT=\"$REACT_NATIVE_PATH/scripts/xcode/with-environment.sh\"\nREACT_NATIVE_XCODE=\"$REACT_NATIVE_PATH/scripts/react-native-xcode.sh\"\n\n/bin/sh -c \"$WITH_ENVIRONMENT $REACT_NATIVE_XCODE\"\n";
		};
		AF2EC9579A6487A87715D620 /* [CP-User] [RNFB] Core Configuration */ = {
			isa = PBXShellScriptBuildPhase;
			buildActionMask = 2147483647;
			files = (
			);
			inputPaths = (
				"$(BUILT_PRODUCTS_DIR)/$(INFOPLIST_PATH)",
			);
			name = "[CP-User] [RNFB] Core Configuration";
			outputPaths = (
			);
			runOnlyForDeploymentPostprocessing = 0;
			shellPath = /bin/sh;
			shellScript = "#!/usr/bin/env bash\n#\n# Copyright (c) 2016-present Invertase Limited & Contributors\n#\n# Licensed under the Apache License, Version 2.0 (the \"License\");\n# you may not use this library except in compliance with the License.\n# You may obtain a copy of the License at\n#\n#   http://www.apache.org/licenses/LICENSE-2.0\n#\n# Unless required by applicable law or agreed to in writing, software\n# distributed under the License is distributed on an \"AS IS\" BASIS,\n# WITHOUT WARRANTIES OR CONDITIONS OF ANY KIND, either express or implied.\n# See the License for the specific language governing permissions and\n# limitations under the License.\n#\n\n##########################################################################\n##########################################################################\n#\n#  NOTE THAT IF YOU CHANGE THIS FILE YOU MUST RUN pod install AFTERWARDS\n#\n#  This file is installed as an Xcode build script in the project file\n#  by cocoapods, and you will not see your changes until you pod install\n#\n##########################################################################\n##########################################################################\n\nset -e\n\n_MAX_LOOKUPS=2;\n_SEARCH_RESULT=''\n_RN_ROOT_EXISTS=''\n_CURRENT_LOOKUPS=1\n_JSON_ROOT=\"'react-native'\"\n_JSON_FILE_NAME='firebase.json'\n_JSON_OUTPUT_BASE64='e30=' # { }\n_CURRENT_SEARCH_DIR=${PROJECT_DIR}\n_PLIST_BUDDY=/usr/libexec/PlistBuddy\n_TARGET_PLIST=\"${BUILT_PRODUCTS_DIR}/${INFOPLIST_PATH}\"\n_DSYM_PLIST=\"${DWARF_DSYM_FOLDER_PATH}/${DWARF_DSYM_FILE_NAME}/Contents/Info.plist\"\n\n# plist arrays\n_PLIST_ENTRY_KEYS=()\n_PLIST_ENTRY_TYPES=()\n_PLIST_ENTRY_VALUES=()\n\nfunction setPlistValue {\n  echo \"info:      setting plist entry '$1' of type '$2' in file '$4'\"\n  ${_PLIST_BUDDY} -c \"Add :$1 $2 '$3'\" $4 || echo \"info:      '$1' already exists\"\n}\n\nfunction getFirebaseJsonKeyValue () {\n  if [[ ${_RN_ROOT_EXISTS} ]]; then\n    ruby -Ku -e \"require 'rubygems';require 'json'; output=JSON.parse('$1'); puts output[$_JSON_ROOT]['$2']\"\n  else\n    echo \"\"\n  fi;\n}\n\nfunction jsonBoolToYesNo () {\n  if [[ $1 == \"false\" ]]; then\n    echo \"NO\"\n  elif [[ $1 == \"true\" ]]; then\n    echo \"YES\"\n  else echo \"NO\"\n  fi\n}\n\necho \"info: -> RNFB build script started\"\necho \"info: 1) Locating ${_JSON_FILE_NAME} file:\"\n\nif [[ -z ${_CURRENT_SEARCH_DIR} ]]; then\n  _CURRENT_SEARCH_DIR=$(pwd)\nfi;\n\nwhile true; do\n  _CURRENT_SEARCH_DIR=$(dirname \"$_CURRENT_SEARCH_DIR\")\n  if [[ \"$_CURRENT_SEARCH_DIR\" == \"/\" ]] || [[ ${_CURRENT_LOOKUPS} -gt ${_MAX_LOOKUPS} ]]; then break; fi;\n  echo \"info:      ($_CURRENT_LOOKUPS of $_MAX_LOOKUPS) Searching in '$_CURRENT_SEARCH_DIR' for a ${_JSON_FILE_NAME} file.\"\n  _SEARCH_RESULT=$(find \"$_CURRENT_SEARCH_DIR\" -maxdepth 2 -name ${_JSON_FILE_NAME} -print | /usr/bin/head -n 1)\n  if [[ ${_SEARCH_RESULT} ]]; then\n    echo \"info:      ${_JSON_FILE_NAME} found at $_SEARCH_RESULT\"\n    break;\n  fi;\n  _CURRENT_LOOKUPS=$((_CURRENT_LOOKUPS+1))\ndone\n\nif [[ ${_SEARCH_RESULT} ]]; then\n  _JSON_OUTPUT_RAW=$(cat \"${_SEARCH_RESULT}\")\n  _RN_ROOT_EXISTS=$(ruby -Ku -e \"require 'rubygems';require 'json'; output=JSON.parse('$_JSON_OUTPUT_RAW'); puts output[$_JSON_ROOT]\" || echo '')\n\n  if [[ ${_RN_ROOT_EXISTS} ]]; then\n    if ! python3 --version >/dev/null 2>&1; then echo \"python3 not found, firebase.json file processing error.\" && exit 1; fi\n    _JSON_OUTPUT_BASE64=$(python3 -c 'import json,sys,base64;print(base64.b64encode(bytes(json.dumps(json.loads(open('\"'${_SEARCH_RESULT}'\"', '\"'rb'\"').read())['${_JSON_ROOT}']), '\"'utf-8'\"')).decode())' || echo \"e30=\")\n  fi\n\n  _PLIST_ENTRY_KEYS+=(\"firebase_json_raw\")\n  _PLIST_ENTRY_TYPES+=(\"string\")\n  _PLIST_ENTRY_VALUES+=(\"$_JSON_OUTPUT_BASE64\")\n\n  # config.app_data_collection_default_enabled\n  _APP_DATA_COLLECTION_ENABLED=$(getFirebaseJsonKeyValue \"$_JSON_OUTPUT_RAW\" \"app_data_collection_default_enabled\")\n  if [[ $_APP_DATA_COLLECTION_ENABLED ]]; then\n    _PLIST_ENTRY_KEYS+=(\"FirebaseDataCollectionDefaultEnabled\")\n    _PLIST_ENTRY_TYPES+=(\"bool\")\n    _PLIST_ENTRY_VALUES+=(\"$(jsonBoolToYesNo \"$_APP_DATA_COLLECTION_ENABLED\")\")\n  fi\n\n  # config.analytics_auto_collection_enabled\n  _ANALYTICS_AUTO_COLLECTION=$(getFirebaseJsonKeyValue \"$_JSON_OUTPUT_RAW\" \"analytics_auto_collection_enabled\")\n  if [[ $_ANALYTICS_AUTO_COLLECTION ]]; then\n    _PLIST_ENTRY_KEYS+=(\"FIREBASE_ANALYTICS_COLLECTION_ENABLED\")\n    _PLIST_ENTRY_TYPES+=(\"bool\")\n    _PLIST_ENTRY_VALUES+=(\"$(jsonBoolToYesNo \"$_ANALYTICS_AUTO_COLLECTION\")\")\n  fi\n\n  # config.analytics_collection_deactivated\n  _ANALYTICS_DEACTIVATED=$(getFirebaseJsonKeyValue \"$_JSON_OUTPUT_RAW\" \"analytics_collection_deactivated\")\n  if [[ $_ANALYTICS_DEACTIVATED ]]; then\n    _PLIST_ENTRY_KEYS+=(\"FIREBASE_ANALYTICS_COLLECTION_DEACTIVATED\")\n    _PLIST_ENTRY_TYPES+=(\"bool\")\n    _PLIST_ENTRY_VALUES+=(\"$(jsonBoolToYesNo \"$_ANALYTICS_DEACTIVATED\")\")\n  fi\n\n  # config.analytics_idfv_collection_enabled\n  _ANALYTICS_IDFV_COLLECTION=$(getFirebaseJsonKeyValue \"$_JSON_OUTPUT_RAW\" \"analytics_idfv_collection_enabled\")\n  if [[ $_ANALYTICS_IDFV_COLLECTION ]]; then\n    _PLIST_ENTRY_KEYS+=(\"GOOGLE_ANALYTICS_IDFV_COLLECTION_ENABLED\")\n    _PLIST_ENTRY_TYPES+=(\"bool\")\n    _PLIST_ENTRY_VALUES+=(\"$(jsonBoolToYesNo \"$_ANALYTICS_IDFV_COLLECTION\")\")\n  fi\n\n  # config.analytics_default_allow_analytics_storage\n  _ANALYTICS_STORAGE=$(getFirebaseJsonKeyValue \"$_JSON_OUTPUT_RAW\" \"analytics_default_allow_analytics_storage\")\n  if [[ $_ANALYTICS_STORAGE ]]; then\n    _PLIST_ENTRY_KEYS+=(\"GOOGLE_ANALYTICS_DEFAULT_ALLOW_ANALYTICS_STORAGE\")\n    _PLIST_ENTRY_TYPES+=(\"bool\")\n    _PLIST_ENTRY_VALUES+=(\"$(jsonBoolToYesNo \"$_ANALYTICS_STORAGE\")\")\n  fi\n\n  # config.analytics_default_allow_ad_storage\n  _ANALYTICS_AD_STORAGE=$(getFirebaseJsonKeyValue \"$_JSON_OUTPUT_RAW\" \"analytics_default_allow_ad_storage\")\n  if [[ $_ANALYTICS_AD_STORAGE ]]; then\n    _PLIST_ENTRY_KEYS+=(\"GOOGLE_ANALYTICS_DEFAULT_ALLOW_AD_STORAGE\")\n    _PLIST_ENTRY_TYPES+=(\"bool\")\n    _PLIST_ENTRY_VALUES+=(\"$(jsonBoolToYesNo \"$_ANALYTICS_AD_STORAGE\")\")\n  fi\n\n  # config.analytics_default_allow_ad_user_data\n  _ANALYTICS_AD_USER_DATA=$(getFirebaseJsonKeyValue \"$_JSON_OUTPUT_RAW\" \"analytics_default_allow_ad_user_data\")\n  if [[ $_ANALYTICS_AD_USER_DATA ]]; then\n    _PLIST_ENTRY_KEYS+=(\"GOOGLE_ANALYTICS_DEFAULT_ALLOW_AD_USER_DATA\")\n    _PLIST_ENTRY_TYPES+=(\"bool\")\n    _PLIST_ENTRY_VALUES+=(\"$(jsonBoolToYesNo \"$_ANALYTICS_AD_USER_DATA\")\")\n  fi\n\n  # config.analytics_default_allow_ad_personalization_signals\n  _ANALYTICS_PERSONALIZATION=$(getFirebaseJsonKeyValue \"$_JSON_OUTPUT_RAW\" \"analytics_default_allow_ad_personalization_signals\")\n  if [[ $_ANALYTICS_PERSONALIZATION ]]; then\n    _PLIST_ENTRY_KEYS+=(\"GOOGLE_ANALYTICS_DEFAULT_ALLOW_AD_PERSONALIZATION_SIGNALS\")\n    _PLIST_ENTRY_TYPES+=(\"bool\")\n    _PLIST_ENTRY_VALUES+=(\"$(jsonBoolToYesNo \"$_ANALYTICS_PERSONALIZATION\")\")\n  fi\n\n  # config.analytics_registration_with_ad_network_enabled\n  _ANALYTICS_REGISTRATION_WITH_AD_NETWORK=$(getFirebaseJsonKeyValue \"$_JSON_OUTPUT_RAW\" \"google_analytics_registration_with_ad_network_enabled\")\n  if [[ $_ANALYTICS_REGISTRATION_WITH_AD_NETWORK ]]; then\n    _PLIST_ENTRY_KEYS+=(\"GOOGLE_ANALYTICS_REGISTRATION_WITH_AD_NETWORK_ENABLED\")\n    _PLIST_ENTRY_TYPES+=(\"bool\")\n    _PLIST_ENTRY_VALUES+=(\"$(jsonBoolToYesNo \"$_ANALYTICS_REGISTRATION_WITH_AD_NETWORK\")\")\n  fi\n\n  # config.google_analytics_automatic_screen_reporting_enabled\n  _ANALYTICS_AUTO_SCREEN_REPORTING=$(getFirebaseJsonKeyValue \"$_JSON_OUTPUT_RAW\" \"google_analytics_automatic_screen_reporting_enabled\")\n  if [[ $_ANALYTICS_AUTO_SCREEN_REPORTING ]]; then\n    _PLIST_ENTRY_KEYS+=(\"FirebaseAutomaticScreenReportingEnabled\")\n    _PLIST_ENTRY_TYPES+=(\"bool\")\n    _PLIST_ENTRY_VALUES+=(\"$(jsonBoolToYesNo \"$_ANALYTICS_AUTO_SCREEN_REPORTING\")\")\n  fi\n\n  # config.perf_auto_collection_enabled\n  _PERF_AUTO_COLLECTION=$(getFirebaseJsonKeyValue \"$_JSON_OUTPUT_RAW\" \"perf_auto_collection_enabled\")\n  if [[ $_PERF_AUTO_COLLECTION ]]; then\n    _PLIST_ENTRY_KEYS+=(\"firebase_performance_collection_enabled\")\n    _PLIST_ENTRY_TYPES+=(\"bool\")\n    _PLIST_ENTRY_VALUES+=(\"$(jsonBoolToYesNo \"$_PERF_AUTO_COLLECTION\")\")\n  fi\n\n  # config.perf_collection_deactivated\n  _PERF_DEACTIVATED=$(getFirebaseJsonKeyValue \"$_JSON_OUTPUT_RAW\" \"perf_collection_deactivated\")\n  if [[ $_PERF_DEACTIVATED ]]; then\n    _PLIST_ENTRY_KEYS+=(\"firebase_performance_collection_deactivated\")\n    _PLIST_ENTRY_TYPES+=(\"bool\")\n    _PLIST_ENTRY_VALUES+=(\"$(jsonBoolToYesNo \"$_PERF_DEACTIVATED\")\")\n  fi\n\n  # config.messaging_auto_init_enabled\n  _MESSAGING_AUTO_INIT=$(getFirebaseJsonKeyValue \"$_JSON_OUTPUT_RAW\" \"messaging_auto_init_enabled\")\n  if [[ $_MESSAGING_AUTO_INIT ]]; then\n    _PLIST_ENTRY_KEYS+=(\"FirebaseMessagingAutoInitEnabled\")\n    _PLIST_ENTRY_TYPES+=(\"bool\")\n    _PLIST_ENTRY_VALUES+=(\"$(jsonBoolToYesNo \"$_MESSAGING_AUTO_INIT\")\")\n  fi\n\n  # config.in_app_messaging_auto_colllection_enabled\n  _FIAM_AUTO_INIT=$(getFirebaseJsonKeyValue \"$_JSON_OUTPUT_RAW\" \"in_app_messaging_auto_collection_enabled\")\n  if [[ $_FIAM_AUTO_INIT ]]; then\n    _PLIST_ENTRY_KEYS+=(\"FirebaseInAppMessagingAutomaticDataCollectionEnabled\")\n    _PLIST_ENTRY_TYPES+=(\"bool\")\n    _PLIST_ENTRY_VALUES+=(\"$(jsonBoolToYesNo \"$_FIAM_AUTO_INIT\")\")\n  fi\n\n  # config.app_check_token_auto_refresh\n  _APP_CHECK_TOKEN_AUTO_REFRESH=$(getFirebaseJsonKeyValue \"$_JSON_OUTPUT_RAW\" \"app_check_token_auto_refresh\")\n  if [[ $_APP_CHECK_TOKEN_AUTO_REFRESH ]]; then\n    _PLIST_ENTRY_KEYS+=(\"FirebaseAppCheckTokenAutoRefreshEnabled\")\n    _PLIST_ENTRY_TYPES+=(\"bool\")\n    _PLIST_ENTRY_VALUES+=(\"$(jsonBoolToYesNo \"$_APP_CHECK_TOKEN_AUTO_REFRESH\")\")\n  fi\n\n  # config.crashlytics_disable_auto_disabler - undocumented for now - mainly for debugging, document if becomes useful\n  _CRASHLYTICS_AUTO_DISABLE_ENABLED=$(getFirebaseJsonKeyValue \"$_JSON_OUTPUT_RAW\" \"crashlytics_disable_auto_disabler\")\n  if [[ $_CRASHLYTICS_AUTO_DISABLE_ENABLED == \"true\" ]]; then\n    echo \"Disabled Crashlytics auto disabler.\" # do nothing\n  else\n    _PLIST_ENTRY_KEYS+=(\"FirebaseCrashlyticsCollectionEnabled\")\n    _PLIST_ENTRY_TYPES+=(\"bool\")\n    _PLIST_ENTRY_VALUES+=(\"NO\")\n  fi\nelse\n  _PLIST_ENTRY_KEYS+=(\"firebase_json_raw\")\n  _PLIST_ENTRY_TYPES+=(\"string\")\n  _PLIST_ENTRY_VALUES+=(\"$_JSON_OUTPUT_BASE64\")\n  echo \"warning:   A firebase.json file was not found, whilst this file is optional it is recommended to include it to configure firebase services in React Native Firebase.\"\nfi;\n\necho \"info: 2) Injecting Info.plist entries: \"\n\n# Log out the keys we're adding\nfor i in \"${!_PLIST_ENTRY_KEYS[@]}\"; do\n  echo \"    ->  $i) ${_PLIST_ENTRY_KEYS[$i]}\" \"${_PLIST_ENTRY_TYPES[$i]}\" \"${_PLIST_ENTRY_VALUES[$i]}\"\ndone\n\nfor plist in \"${_TARGET_PLIST}\" \"${_DSYM_PLIST}\" ; do\n  if [[ -f \"${plist}\" ]]; then\n\n    # paths with spaces break the call to setPlistValue. temporarily modify\n    # the shell internal field separator variable (IFS), which normally\n    # includes spaces, to consist only of line breaks\n    oldifs=$IFS\n    IFS=\"\n\"\n\n    for i in \"${!_PLIST_ENTRY_KEYS[@]}\"; do\n      setPlistValue \"${_PLIST_ENTRY_KEYS[$i]}\" \"${_PLIST_ENTRY_TYPES[$i]}\" \"${_PLIST_ENTRY_VALUES[$i]}\" \"${plist}\"\n    done\n\n    # restore the original internal field separator value\n    IFS=$oldifs\n  else\n    echo \"warning:   A Info.plist build output file was not found (${plist})\"\n  fi\ndone\n\necho \"info: <- RNFB build script finished\"\n";
		};
		B2A6BCF84505D7F130C200D6 /* [CP] Check Pods Manifest.lock */ = {
			isa = PBXShellScriptBuildPhase;
			buildActionMask = 2147483647;
			files = (
			);
			inputFileListPaths = (
			);
			inputPaths = (
				"${PODS_PODFILE_DIR_PATH}/Podfile.lock",
				"${PODS_ROOT}/Manifest.lock",
			);
			name = "[CP] Check Pods Manifest.lock";
			outputFileListPaths = (
			);
			outputPaths = (
				"$(DERIVED_FILE_DIR)/Pods-valens-checkManifestLockResult.txt",
			);
			runOnlyForDeploymentPostprocessing = 0;
			shellPath = /bin/sh;
			shellScript = "diff \"${PODS_PODFILE_DIR_PATH}/Podfile.lock\" \"${PODS_ROOT}/Manifest.lock\" > /dev/null\nif [ $? != 0 ] ; then\n    # print error to STDERR\n    echo \"error: The sandbox is not in sync with the Podfile.lock. Run 'pod install' or update your CocoaPods installation.\" >&2\n    exit 1\nfi\n# This output is used by Xcode 'outputs' to avoid re-running this script phase.\necho \"SUCCESS\" > \"${SCRIPT_OUTPUT_FILE_0}\"\n";
			showEnvVarsInLog = 0;
		};
		C582819CDC044EE20ABFFF3E /* [CP] Copy Pods Resources */ = {
			isa = PBXShellScriptBuildPhase;
			buildActionMask = 2147483647;
			files = (
			);
			inputFileListPaths = (
				"${PODS_ROOT}/Target Support Files/Pods-valens/Pods-valens-resources-${CONFIGURATION}-input-files.xcfilelist",
			);
			inputPaths = (
			);
			name = "[CP] Copy Pods Resources";
			outputFileListPaths = (
				"${PODS_ROOT}/Target Support Files/Pods-valens/Pods-valens-resources-${CONFIGURATION}-output-files.xcfilelist",
			);
			outputPaths = (
			);
			runOnlyForDeploymentPostprocessing = 0;
			shellPath = /bin/sh;
			shellScript = "\"${PODS_ROOT}/Target Support Files/Pods-valens/Pods-valens-resources.sh\"\n";
			showEnvVarsInLog = 0;
		};
		DECEA9D9FE0812D0B6D8E74B /* [CP] Embed Pods Frameworks */ = {
			isa = PBXShellScriptBuildPhase;
			buildActionMask = 2147483647;
			files = (
			);
			inputFileListPaths = (
				"${PODS_ROOT}/Target Support Files/Pods-valens/Pods-valens-frameworks-${CONFIGURATION}-input-files.xcfilelist",
			);
			inputPaths = (
			);
			name = "[CP] Embed Pods Frameworks";
			outputFileListPaths = (
				"${PODS_ROOT}/Target Support Files/Pods-valens/Pods-valens-frameworks-${CONFIGURATION}-output-files.xcfilelist",
			);
			outputPaths = (
			);
			runOnlyForDeploymentPostprocessing = 0;
			shellPath = /bin/sh;
			shellScript = "\"${PODS_ROOT}/Target Support Files/Pods-valens/Pods-valens-frameworks.sh\"\n";
			showEnvVarsInLog = 0;
		};
/* End PBXShellScriptBuildPhase section */

/* Begin PBXSourcesBuildPhase section */
		13B07F871A680F5B00A75B9A /* Sources */ = {
			isa = PBXSourcesBuildPhase;
			buildActionMask = 2147483647;
			files = (
				761780ED2CA45674006654EE /* AppDelegate.swift in Sources */,
			);
			runOnlyForDeploymentPostprocessing = 0;
		};
		28EF149F2FD1665C009D0A54 /* Sources */ = {
			isa = PBXSourcesBuildPhase;
			buildActionMask = 2147483647;
			files = (
			);
			runOnlyForDeploymentPostprocessing = 0;
		};
/* End PBXSourcesBuildPhase section */

/* Begin PBXTargetDependency section */
		28EF14A92FD1665C009D0A54 /* PBXTargetDependency */ = {
			isa = PBXTargetDependency;
			target = 28EF14A22FD1665C009D0A54 /* NotificationService */;
			targetProxy = 28EF14A82FD1665C009D0A54 /* PBXContainerItemProxy */;
		};
/* End PBXTargetDependency section */

/* Begin XCBuildConfiguration section */
		13B07F941A680F5B00A75B9A /* Debug */ = {
			isa = XCBuildConfiguration;
			baseConfigurationReference = 95BA9DC4EF57858B5119A867 /* Pods-valens.debug.xcconfig */;
			buildSettings = {
				ASSETCATALOG_COMPILER_APPICON_NAME = AppIcon;
				CLANG_ENABLE_MODULES = YES;
				CODE_SIGN_ENTITLEMENTS = valens/valens.entitlements;
				CODE_SIGN_IDENTITY = "Apple Development";
				CODE_SIGN_STYLE = Automatic;
				CURRENT_PROJECT_VERSION = 8;
				DEVELOPMENT_TEAM = 6LKPR7J437;
				ENABLE_BITCODE = NO;
				EXCLUDED_ARCHS = "";
				"EXCLUDED_ARCHS[sdk=iphonesimulator*]" = "";
				INFOPLIST_FILE = valens/Info.plist;
				INFOPLIST_KEY_CFBundleDisplayName = "Valens App";
				INFOPLIST_KEY_LSApplicationCategoryType = "public.app-category.social-networking";
				IPHONEOS_DEPLOYMENT_TARGET = 15.1;
				LD_RUNPATH_SEARCH_PATHS = (
					"$(inherited)",
					"@executable_path/Frameworks",
				);
				MARKETING_VERSION = 2.8;
				OTHER_LDFLAGS = (
					"$(inherited)",
					"-ObjC",
					"-lc++",
				);
				PRODUCT_BUNDLE_IDENTIFIER = com.valens.app;
				PRODUCT_NAME = valens;
				PROVISIONING_PROFILE_SPECIFIER = "";
				SWIFT_OPTIMIZATION_LEVEL = "-Onone";
				SWIFT_VERSION = 5.0;
				VERSIONING_SYSTEM = "apple-generic";
			};
			name = Debug;
		};
		13B07F951A680F5B00A75B9A /* Release */ = {
			isa = XCBuildConfiguration;
			baseConfigurationReference = 2C6967795893AE11F92F9AE1 /* Pods-valens.release.xcconfig */;
			buildSettings = {
				ASSETCATALOG_COMPILER_APPICON_NAME = AppIcon;
				CLANG_ENABLE_MODULES = YES;
				CODE_SIGN_ENTITLEMENTS = valens/valens.entitlements;
				CODE_SIGN_IDENTITY = "Apple Development";
				CODE_SIGN_STYLE = Automatic;
				CURRENT_PROJECT_VERSION = 8;
				DEVELOPMENT_TEAM = 6LKPR7J437;
				EXCLUDED_ARCHS = "";
				INFOPLIST_FILE = valens/Info.plist;
				INFOPLIST_KEY_CFBundleDisplayName = "Valens App";
				INFOPLIST_KEY_LSApplicationCategoryType = "public.app-category.social-networking";
				IPHONEOS_DEPLOYMENT_TARGET = 15.1;
				LD_RUNPATH_SEARCH_PATHS = (
					"$(inherited)",
					"@executable_path/Frameworks",
				);
				MARKETING_VERSION = 2.8;
				OTHER_LDFLAGS = (
					"$(inherited)",
					"-ObjC",
					"-lc++",
				);
				PRODUCT_BUNDLE_IDENTIFIER = com.valens.app;
				PRODUCT_NAME = valens;
				PROVISIONING_PROFILE_SPECIFIER = "";
				SWIFT_VERSION = 5.0;
				VERSIONING_SYSTEM = "apple-generic";
			};
			name = Release;
		};
		28EF14AC2FD1665C009D0A54 /* Debug */ = {
			isa = XCBuildConfiguration;
			buildSettings = {
				ASSETCATALOG_COMPILER_GENERATE_SWIFT_ASSET_SYMBOL_EXTENSIONS = YES;
				CLANG_ANALYZER_NONNULL = YES;
				CLANG_ANALYZER_NUMBER_OBJECT_CONVERSION = YES_AGGRESSIVE;
				CLANG_CXX_LANGUAGE_STANDARD = "gnu++20";
				CLANG_ENABLE_OBJC_WEAK = YES;
				CLANG_WARN_DOCUMENTATION_COMMENTS = YES;
				CLANG_WARN_UNGUARDED_AVAILABILITY = YES_AGGRESSIVE;
				CODE_SIGN_IDENTITY = "Apple Development";
				CODE_SIGN_STYLE = Automatic;
				CURRENT_PROJECT_VERSION = 6;
				DEBUG_INFORMATION_FORMAT = dwarf;
				DEVELOPMENT_TEAM = 6LKPR7J437;
				ENABLE_USER_SCRIPT_SANDBOXING = YES;
				GCC_C_LANGUAGE_STANDARD = gnu17;
				GENERATE_INFOPLIST_FILE = YES;
				INFOPLIST_FILE = NotificationService/Info.plist;
				INFOPLIST_KEY_CFBundleDisplayName = NotificationService;
				INFOPLIST_KEY_NSHumanReadableCopyright = "";
				IPHONEOS_DEPLOYMENT_TARGET = 15.1;
				LD_RUNPATH_SEARCH_PATHS = (
					"$(inherited)",
					"@executable_path/Frameworks",
					"@executable_path/../../Frameworks",
				);
				LOCALIZATION_PREFERS_STRING_CATALOGS = YES;
				MARKETING_VERSION = 1.9;
				MTL_ENABLE_DEBUG_INFO = INCLUDE_SOURCE;
				MTL_FAST_MATH = YES;
				PRODUCT_BUNDLE_IDENTIFIER = com.valens.app.NotificationService;
				PRODUCT_NAME = "$(TARGET_NAME)";
				SKIP_INSTALL = YES;
				STRING_CATALOG_GENERATE_SYMBOLS = YES;
				SWIFT_ACTIVE_COMPILATION_CONDITIONS = "DEBUG $(inherited)";
				SWIFT_APPROACHABLE_CONCURRENCY = YES;
				SWIFT_EMIT_LOC_STRINGS = YES;
				SWIFT_OPTIMIZATION_LEVEL = "-Onone";
				SWIFT_UPCOMING_FEATURE_MEMBER_IMPORT_VISIBILITY = YES;
				SWIFT_VERSION = 5.0;
				TARGETED_DEVICE_FAMILY = "1,2";
			};
			name = Debug;
		};
		28EF14AD2FD1665C009D0A54 /* Release */ = {
			isa = XCBuildConfiguration;
			buildSettings = {
				ASSETCATALOG_COMPILER_GENERATE_SWIFT_ASSET_SYMBOL_EXTENSIONS = YES;
				CLANG_ANALYZER_NONNULL = YES;
				CLANG_ANALYZER_NUMBER_OBJECT_CONVERSION = YES_AGGRESSIVE;
				CLANG_CXX_LANGUAGE_STANDARD = "gnu++20";
				CLANG_ENABLE_OBJC_WEAK = YES;
				CLANG_WARN_DOCUMENTATION_COMMENTS = YES;
				CLANG_WARN_UNGUARDED_AVAILABILITY = YES_AGGRESSIVE;
				CODE_SIGN_IDENTITY = "Apple Development";
				CODE_SIGN_STYLE = Automatic;
				COPY_PHASE_STRIP = NO;
				CURRENT_PROJECT_VERSION = 6;
				DEBUG_INFORMATION_FORMAT = "dwarf-with-dsym";
				DEVELOPMENT_TEAM = 6LKPR7J437;
				ENABLE_USER_SCRIPT_SANDBOXING = YES;
				GCC_C_LANGUAGE_STANDARD = gnu17;
				GENERATE_INFOPLIST_FILE = YES;
				INFOPLIST_FILE = NotificationService/Info.plist;
				INFOPLIST_KEY_CFBundleDisplayName = NotificationService;
				INFOPLIST_KEY_NSHumanReadableCopyright = "";
				IPHONEOS_DEPLOYMENT_TARGET = 15.1;
				LD_RUNPATH_SEARCH_PATHS = (
					"$(inherited)",
					"@executable_path/Frameworks",
					"@executable_path/../../Frameworks",
				);
				LOCALIZATION_PREFERS_STRING_CATALOGS = YES;
				MARKETING_VERSION = 1.9;
				MTL_FAST_MATH = YES;
				PRODUCT_BUNDLE_IDENTIFIER = com.valens.app.NotificationService;
				PRODUCT_NAME = "$(TARGET_NAME)";
				SKIP_INSTALL = YES;
				STRING_CATALOG_GENERATE_SYMBOLS = YES;
				SWIFT_APPROACHABLE_CONCURRENCY = YES;
				SWIFT_COMPILATION_MODE = wholemodule;
				SWIFT_EMIT_LOC_STRINGS = YES;
				SWIFT_UPCOMING_FEATURE_MEMBER_IMPORT_VISIBILITY = YES;
				SWIFT_VERSION = 5.0;
				TARGETED_DEVICE_FAMILY = "1,2";
			};
			name = Release;
		};
		83CBBA201A601CBA00E9B192 /* Debug */ = {
			isa = XCBuildConfiguration;
			buildSettings = {
				ALWAYS_SEARCH_USER_PATHS = NO;
				CLANG_ANALYZER_LOCALIZABILITY_NONLOCALIZED = YES;
				CLANG_CXX_LANGUAGE_STANDARD = "c++20";
				CLANG_CXX_LIBRARY = "libc++";
				CLANG_ENABLE_MODULES = YES;
				CLANG_ENABLE_OBJC_ARC = YES;
				CLANG_WARN_BLOCK_CAPTURE_AUTORELEASING = YES;
				CLANG_WARN_BOOL_CONVERSION = YES;
				CLANG_WARN_COMMA = YES;
				CLANG_WARN_CONSTANT_CONVERSION = YES;
				CLANG_WARN_DEPRECATED_OBJC_IMPLEMENTATIONS = YES;
				CLANG_WARN_DIRECT_OBJC_ISA_USAGE = YES_ERROR;
				CLANG_WARN_EMPTY_BODY = YES;
				CLANG_WARN_ENUM_CONVERSION = YES;
				CLANG_WARN_INFINITE_RECURSION = YES;
				CLANG_WARN_INT_CONVERSION = YES;
				CLANG_WARN_NON_LITERAL_NULL_CONVERSION = YES;
				CLANG_WARN_OBJC_IMPLICIT_RETAIN_SELF = YES;
				CLANG_WARN_OBJC_LITERAL_CONVERSION = YES;
				CLANG_WARN_OBJC_ROOT_CLASS = YES_ERROR;
				CLANG_WARN_QUOTED_INCLUDE_IN_FRAMEWORK_HEADER = YES;
				CLANG_WARN_RANGE_LOOP_ANALYSIS = YES;
				CLANG_WARN_STRICT_PROTOTYPES = YES;
				CLANG_WARN_SUSPICIOUS_MOVE = YES;
				CLANG_WARN_UNREACHABLE_CODE = YES;
				CLANG_WARN__DUPLICATE_METHOD_MATCH = YES;
				"CODE_SIGN_IDENTITY[sdk=iphoneos*]" = "iPhone Developer";
				COPY_PHASE_STRIP = NO;
				ENABLE_STRICT_OBJC_MSGSEND = YES;
				ENABLE_TESTABILITY = YES;
				"EXCLUDED_ARCHS[sdk=iphonesimulator*]" = "";
				GCC_C_LANGUAGE_STANDARD = gnu99;
				GCC_DYNAMIC_NO_PIC = NO;
				GCC_NO_COMMON_BLOCKS = YES;
				GCC_OPTIMIZATION_LEVEL = 0;
				GCC_PREPROCESSOR_DEFINITIONS = (
					"DEBUG=1",
					"$(inherited)",
				);
				GCC_SYMBOLS_PRIVATE_EXTERN = NO;
				GCC_WARN_64_TO_32_BIT_CONVERSION = YES;
				GCC_WARN_ABOUT_RETURN_TYPE = YES_ERROR;
				GCC_WARN_UNDECLARED_SELECTOR = YES;
				GCC_WARN_UNINITIALIZED_AUTOS = YES_AGGRESSIVE;
				GCC_WARN_UNUSED_FUNCTION = YES;
				GCC_WARN_UNUSED_VARIABLE = YES;
				HEADER_SEARCH_PATHS = (
					"$(inherited)",
					"${PODS_CONFIGURATION_BUILD_DIR}/ReactCommon/ReactCommon.framework/Headers",
					"${PODS_CONFIGURATION_BUILD_DIR}/ReactCommon/ReactCommon.framework/Headers/react/nativemodule/core",
					"${PODS_CONFIGURATION_BUILD_DIR}/ReactCommon-Samples/ReactCommon_Samples.framework/Headers",
					"${PODS_CONFIGURATION_BUILD_DIR}/ReactCommon-Samples/ReactCommon_Samples.framework/Headers/platform/ios",
					"${PODS_CONFIGURATION_BUILD_DIR}/React-Fabric/React_Fabric.framework/Headers/react/renderer/components/view/platform/cxx",
					"${PODS_CONFIGURATION_BUILD_DIR}/React-NativeModulesApple/React_NativeModulesApple.framework/Headers",
					"${PODS_CONFIGURATION_BUILD_DIR}/React-graphics/React_graphics.framework/Headers",
					"${PODS_CONFIGURATION_BUILD_DIR}/React-graphics/React_graphics.framework/Headers/react/renderer/graphics/platform/ios",
					"${PODS_CONFIGURATION_BUILD_DIR}/React-runtimeexecutor/React_runtimeexecutor.framework/Headers",
					"${PODS_CONFIGURATION_BUILD_DIR}/React-runtimeexecutor/React_runtimeexecutor.framework/Headers/platform/ios",
				);
				IPHONEOS_DEPLOYMENT_TARGET = 15.1;
				LD_RUNPATH_SEARCH_PATHS = (
					/usr/lib/swift,
					"$(inherited)",
				);
				LIBRARY_SEARCH_PATHS = (
					"\"$(SDKROOT)/usr/lib/swift\"",
					"\"$(TOOLCHAIN_DIR)/usr/lib/swift/$(PLATFORM_NAME)\"",
					"\"$(inherited)\"",
				);
				MTL_ENABLE_DEBUG_INFO = YES;
				ONLY_ACTIVE_ARCH = YES;
				OTHER_CPLUSPLUSFLAGS = (
					"$(OTHER_CFLAGS)",
					"-DFOLLY_NO_CONFIG",
					"-DFOLLY_MOBILE=1",
					"-DFOLLY_USE_LIBCPP=1",
					"-DFOLLY_CFG_NO_COROUTINES=1",
					"-DFOLLY_HAVE_CLOCK_GETTIME=1",
				);
				OTHER_LDFLAGS = "$(inherited)  ";
				REACT_NATIVE_PATH = "${PODS_ROOT}/../../node_modules/react-native";
				SDKROOT = iphoneos;
				SWIFT_ACTIVE_COMPILATION_CONDITIONS = "$(inherited) DEBUG";
				USE_HERMES = true;
			};
			name = Debug;
		};
		83CBBA211A601CBA00E9B192 /* Release */ = {
			isa = XCBuildConfiguration;
			buildSettings = {
				ALWAYS_SEARCH_USER_PATHS = NO;
				CLANG_ANALYZER_LOCALIZABILITY_NONLOCALIZED = YES;
				CLANG_CXX_LANGUAGE_STANDARD = "c++20";
				CLANG_CXX_LIBRARY = "libc++";
				CLANG_ENABLE_MODULES = YES;
				CLANG_ENABLE_OBJC_ARC = YES;
				CLANG_WARN_BLOCK_CAPTURE_AUTORELEASING = YES;
				CLANG_WARN_BOOL_CONVERSION = YES;
				CLANG_WARN_COMMA = YES;
				CLANG_WARN_CONSTANT_CONVERSION = YES;
				CLANG_WARN_DEPRECATED_OBJC_IMPLEMENTATIONS = YES;
				CLANG_WARN_DIRECT_OBJC_ISA_USAGE = YES_ERROR;
				CLANG_WARN_EMPTY_BODY = YES;
				CLANG_WARN_ENUM_CONVERSION = YES;
				CLANG_WARN_INFINITE_RECURSION = YES;
				CLANG_WARN_INT_CONVERSION = YES;
				CLANG_WARN_NON_LITERAL_NULL_CONVERSION = YES;
				CLANG_WARN_OBJC_IMPLICIT_RETAIN_SELF = YES;
				CLANG_WARN_OBJC_LITERAL_CONVERSION = YES;
				CLANG_WARN_OBJC_ROOT_CLASS = YES_ERROR;
				CLANG_WARN_QUOTED_INCLUDE_IN_FRAMEWORK_HEADER = YES;
				CLANG_WARN_RANGE_LOOP_ANALYSIS = YES;
				CLANG_WARN_STRICT_PROTOTYPES = YES;
				CLANG_WARN_SUSPICIOUS_MOVE = YES;
				CLANG_WARN_UNREACHABLE_CODE = YES;
				CLANG_WARN__DUPLICATE_METHOD_MATCH = YES;
				"CODE_SIGN_IDENTITY[sdk=iphoneos*]" = "iPhone Developer";
				COPY_PHASE_STRIP = YES;
				ENABLE_NS_ASSERTIONS = NO;
				ENABLE_STRICT_OBJC_MSGSEND = YES;
				"EXCLUDED_ARCHS[sdk=iphonesimulator*]" = "";
				GCC_C_LANGUAGE_STANDARD = gnu99;
				GCC_NO_COMMON_BLOCKS = YES;
				GCC_WARN_64_TO_32_BIT_CONVERSION = YES;
				GCC_WARN_ABOUT_RETURN_TYPE = YES_ERROR;
				GCC_WARN_UNDECLARED_SELECTOR = YES;
				GCC_WARN_UNINITIALIZED_AUTOS = YES_AGGRESSIVE;
				GCC_WARN_UNUSED_FUNCTION = YES;
				GCC_WARN_UNUSED_VARIABLE = YES;
				HEADER_SEARCH_PATHS = (
					"$(inherited)",
					"${PODS_CONFIGURATION_BUILD_DIR}/ReactCommon/ReactCommon.framework/Headers",
					"${PODS_CONFIGURATION_BUILD_DIR}/ReactCommon/ReactCommon.framework/Headers/react/nativemodule/core",
					"${PODS_CONFIGURATION_BUILD_DIR}/ReactCommon-Samples/ReactCommon_Samples.framework/Headers",
					"${PODS_CONFIGURATION_BUILD_DIR}/ReactCommon-Samples/ReactCommon_Samples.framework/Headers/platform/ios",
					"${PODS_CONFIGURATION_BUILD_DIR}/React-Fabric/React_Fabric.framework/Headers/react/renderer/components/view/platform/cxx",
					"${PODS_CONFIGURATION_BUILD_DIR}/React-NativeModulesApple/React_NativeModulesApple.framework/Headers",
					"${PODS_CONFIGURATION_BUILD_DIR}/React-graphics/React_graphics.framework/Headers",
					"${PODS_CONFIGURATION_BUILD_DIR}/React-graphics/React_graphics.framework/Headers/react/renderer/graphics/platform/ios",
					"${PODS_CONFIGURATION_BUILD_DIR}/React-runtimeexecutor/React_runtimeexecutor.framework/Headers",
					"${PODS_CONFIGURATION_BUILD_DIR}/React-runtimeexecutor/React_runtimeexecutor.framework/Headers/platform/ios",
				);
				IPHONEOS_DEPLOYMENT_TARGET = 15.1;
				LD_RUNPATH_SEARCH_PATHS = (
					/usr/lib/swift,
					"$(inherited)",
				);
				LIBRARY_SEARCH_PATHS = (
					"\"$(SDKROOT)/usr/lib/swift\"",
					"\"$(TOOLCHAIN_DIR)/usr/lib/swift/$(PLATFORM_NAME)\"",
					"\"$(inherited)\"",
				);
				MTL_ENABLE_DEBUG_INFO = NO;
				OTHER_CPLUSPLUSFLAGS = (
					"$(OTHER_CFLAGS)",
					"-DFOLLY_NO_CONFIG",
					"-DFOLLY_MOBILE=1",
					"-DFOLLY_USE_LIBCPP=1",
					"-DFOLLY_CFG_NO_COROUTINES=1",
					"-DFOLLY_HAVE_CLOCK_GETTIME=1",
				);
				OTHER_LDFLAGS = "$(inherited)  ";
				REACT_NATIVE_PATH = "${PODS_ROOT}/../../node_modules/react-native";
				SDKROOT = iphoneos;
				USE_HERMES = true;
				VALIDATE_PRODUCT = YES;
			};
			name = Release;
		};
/* End XCBuildConfiguration section */

/* Begin XCConfigurationList section */
		13B07F931A680F5B00A75B9A /* Build configuration list for PBXNativeTarget "valens" */ = {
			isa = XCConfigurationList;
			buildConfigurations = (
				13B07F941A680F5B00A75B9A /* Debug */,
				13B07F951A680F5B00A75B9A /* Release */,
			);
			defaultConfigurationIsVisible = 0;
			defaultConfigurationName = Release;
		};
		28EF14AF2FD1665C009D0A54 /* Build configuration list for PBXNativeTarget "NotificationService" */ = {
			isa = XCConfigurationList;
			buildConfigurations = (
				28EF14AC2FD1665C009D0A54 /* Debug */,
				28EF14AD2FD1665C009D0A54 /* Release */,
			);
			defaultConfigurationIsVisible = 0;
			defaultConfigurationName = Release;
		};
		83CBB9FA1A601CBA00E9B192 /* Build configuration list for PBXProject "valens" */ = {
			isa = XCConfigurationList;
			buildConfigurations = (
				83CBBA201A601CBA00E9B192 /* Debug */,
				83CBBA211A601CBA00E9B192 /* Release */,
			);
			defaultConfigurationIsVisible = 0;
			defaultConfigurationName = Release;
		};
/* End XCConfigurationList section */
	};
	rootObject = 83CBB9F71A601CBA00E9B192 /* Project object */;
}
